
Microsoft Visual Studio Solution File, Format Version 12.00
# Visual Studio Version 16
VisualStudioVersion = 16.0.29806.167
MinimumVisualStudioVersion = 10.0.40219.1
Project("{FAE04EC0-301F-11D3-BF4B-00C04F79EFBC}") = "Secure", "Secure\Secure.csproj", "{063CDD35-9DBE-4523-83EB-79D91BFF9ED7}"
EndProject
Project("{9A19103F-16F7-4668-BE54-9A1E7A4F7556}") = "SecureLogic", "SecureLogic\SecureLogic.csproj", "{A95521AD-1021-41B8-85C8-62972A78C4B6}"
EndProject
Project("{9A19103F-16F7-4668-BE54-9A1E7A4F7556}") = "SecuretListImplement", "SecuretListImplement\SecuretListImplement.csproj", "{0E001866-9638-427F-B7B6-DFCD907FBF14}"
EndProject
Project("{9A19103F-16F7-4668-BE54-9A1E7A4F7556}") = "SecureShopFileImplement", "SecureShopFileImplement\SecureShopFileImplement.csproj", "{24D298F8-9610-4833-B662-7E3F2D3FC62F}"
EndProject
Project("{9A19103F-16F7-4668-BE54-9A1E7A4F7556}") = "SecureShopDatabaseImplement", "SecureShopDatabaseImplement\SecureShopDatabaseImplement.csproj", "{72638006-9588-4B9A-B2E5-395F1992F203}"
EndProject
Project("{FAE04EC0-301F-11D3-BF4B-00C04F79EFBC}") = "SecureRestApi", "SecureRestApi\SecureRestApi.csproj", "{76772512-FF6E-4DEE-A079-42A11252A9AB}"
EndProject
Project("{FAE04EC0-301F-11D3-BF4B-00C04F79EFBC}") = "SecureClientView", "SecureClientView\SecureClientView.csproj", "{331CCB97-16BE-4D3A-AC74-BDF2B6985D8F}"
EndProject
Global
	GlobalSection(SolutionConfigurationPlatforms) = preSolution
		Debug|Any CPU = Debug|Any CPU
		Release|Any CPU = Release|Any CPU
	EndGlobalSection
	GlobalSection(ProjectConfigurationPlatforms) = postSolution
		{063CDD35-9DBE-4523-83EB-79D91BFF9ED7}.Debug|Any CPU.ActiveCfg = Debug|Any CPU
		{063CDD35-9DBE-4523-83EB-79D91BFF9ED7}.Debug|Any CPU.Build.0 = Debug|Any CPU
		{063CDD35-9DBE-4523-83EB-79D91BFF9ED7}.Release|Any CPU.ActiveCfg = Release|Any CPU
		{063CDD35-9DBE-4523-83EB-79D91BFF9ED7}.Release|Any CPU.Build.0 = Release|Any CPU
		{A95521AD-1021-41B8-85C8-62972A78C4B6}.Debug|Any CPU.ActiveCfg = Debug|Any CPU
		{A95521AD-1021-41B8-85C8-62972A78C4B6}.Debug|Any CPU.Build.0 = Debug|Any CPU
		{A95521AD-1021-41B8-85C8-62972A78C4B6}.Release|Any CPU.ActiveCfg = Release|Any CPU
		{A95521AD-1021-41B8-85C8-62972A78C4B6}.Release|Any CPU.Build.0 = Release|Any CPU
		{0E001866-9638-427F-B7B6-DFCD907FBF14}.Debug|Any CPU.ActiveCfg = Debug|Any CPU
		{0E001866-9638-427F-B7B6-DFCD907FBF14}.Debug|Any CPU.Build.0 = Debug|Any CPU
		{0E001866-9638-427F-B7B6-DFCD907FBF14}.Release|Any CPU.ActiveCfg = Release|Any CPU
		{0E001866-9638-427F-B7B6-DFCD907FBF14}.Release|Any CPU.Build.0 = Release|Any CPU
		{24D298F8-9610-4833-B662-7E3F2D3FC62F}.Debug|Any CPU.ActiveCfg = Debug|Any CPU
		{24D298F8-9610-4833-B662-7E3F2D3FC62F}.Debug|Any CPU.Build.0 = Debug|Any CPU
		{24D298F8-9610-4833-B662-7E3F2D3FC62F}.Release|Any CPU.ActiveCfg = Release|Any CPU
		{24D298F8-9610-4833-B662-7E3F2D3FC62F}.Release|Any CPU.Build.0 = Release|Any CPU
		{72638006-9588-4B9A-B2E5-395F1992F203}.Debug|Any CPU.ActiveCfg = Debug|Any CPU
		{72638006-9588-4B9A-B2E5-395F1992F203}.Debug|Any CPU.Build.0 = Debug|Any CPU
		{72638006-9588-4B9A-B2E5-395F1992F203}.Release|Any CPU.ActiveCfg = Release|Any CPU
		{72638006-9588-4B9A-B2E5-395F1992F203}.Release|Any CPU.Build.0 = Release|Any CPU
		{76772512-FF6E-4DEE-A079-42A11252A9AB}.Debug|Any CPU.ActiveCfg = Debug|Any CPU
		{76772512-FF6E-4DEE-A079-42A11252A9AB}.Debug|Any CPU.Build.0 = Debug|Any CPU
		{76772512-FF6E-4DEE-A079-42A11252A9AB}.Release|Any CPU.ActiveCfg = Release|Any CPU
		{76772512-FF6E-4DEE-A079-42A11252A9AB}.Release|Any CPU.Build.0 = Release|Any CPU
		{331CCB97-16BE-4D3A-AC74-BDF2B6985D8F}.Debug|Any CPU.ActiveCfg = Debug|Any CPU
		{331CCB97-16BE-4D3A-AC74-BDF2B6985D8F}.Debug|Any CPU.Build.0 = Debug|Any CPU
		{331CCB97-16BE-4D3A-AC74-BDF2B6985D8F}.Release|Any CPU.ActiveCfg = Release|Any CPU
		{331CCB97-16BE-4D3A-AC74-BDF2B6985D8F}.Release|Any CPU.Build.0 = Release|Any CPU
	EndGlobalSection
	GlobalSection(SolutionProperties) = preSolution
		HideSolutionNode = FALSE
	EndGlobalSection
	GlobalSection(ExtensibilityGlobals) = postSolution
		SolutionGuid = {2614510A-777E-4E29-904A-11F6CD8BF11D}
	EndGlobalSection
EndGlobal
