
Microsoft Visual Studio Solution File, Format Version 12.00
# Visual Studio Version 16
VisualStudioVersion = 16.0.29806.167
MinimumVisualStudioVersion = 10.0.40219.1
Project("{FAE04EC0-301F-11D3-BF4B-00C04F79EFBC}") = "Secure", "Secure\Secure.csproj", "{063CDD35-9DBE-4523-83EB-79D91BFF9ED7}"
EndProject
Project("{FAE04EC0-301F-11D3-BF4B-00C04F79EFBC}") = "SecureLogic", "SecureLogic\SecureLogic.csproj", "{A95521AD-1021-41B8-85C8-62972A78C4B6}"
EndProject
Project("{FAE04EC0-301F-11D3-BF4B-00C04F79EFBC}") = "SecuretListImplement", "SecuretListImplement\SecuretListImplement.csproj", "{0E001866-9638-427F-B7B6-DFCD907FBF14}"
EndProject
Project("{FAE04EC0-301F-11D3-BF4B-00C04F79EFBC}") = "SecureShopFileImplement", "SecureShopFileImplement\SecureShopFileImplement.csproj", "{841FE8D7-8CCC-46E2-ACF6-66933ACCB549}"
EndProject
Global
	GlobalSection(SolutionConfigurationPlatforms) = preSolution
		Debug|Any CPU = Debug|Any CPU
		Release|Any CPU = Release|Any CPU
	EndGlobalSection
	GlobalSection(ProjectConfigurationPlatforms) = postSolution
		{063CDD35-9DBE-4523-83EB-79D91BFF9ED7}.Debug|Any CPU.ActiveCfg = Debug|Any CPU
		{063CDD35-9DBE-4523-83EB-79D91BFF9ED7}.Debug|Any CPU.Build.0 = Debug|Any CPU
		{063CDD35-9DBE-4523-83EB-79D91BFF9ED7}.Release|Any CPU.ActiveCfg = Release|Any CPU
		{063CDD35-9DBE-4523-83EB-79D91BFF9ED7}.Release|Any CPU.Build.0 = Release|Any CPU
		{A95521AD-1021-41B8-85C8-62972A78C4B6}.Debug|Any CPU.ActiveCfg = Debug|Any CPU
		{A95521AD-1021-41B8-85C8-62972A78C4B6}.Debug|Any CPU.Build.0 = Debug|Any CPU
		{A95521AD-1021-41B8-85C8-62972A78C4B6}.Release|Any CPU.ActiveCfg = Release|Any CPU
		{A95521AD-1021-41B8-85C8-62972A78C4B6}.Release|Any CPU.Build.0 = Release|Any CPU
		{0E001866-9638-427F-B7B6-DFCD907FBF14}.Debug|Any CPU.ActiveCfg = Debug|Any CPU
		{0E001866-9638-427F-B7B6-DFCD907FBF14}.Debug|Any CPU.Build.0 = Debug|Any CPU
		{0E001866-9638-427F-B7B6-DFCD907FBF14}.Release|Any CPU.ActiveCfg = Release|Any CPU
		{0E001866-9638-427F-B7B6-DFCD907FBF14}.Release|Any CPU.Build.0 = Release|Any CPU
		{841FE8D7-8CCC-46E2-ACF6-66933ACCB549}.Debug|Any CPU.ActiveCfg = Debug|Any CPU
		{841FE8D7-8CCC-46E2-ACF6-66933ACCB549}.Debug|Any CPU.Build.0 = Debug|Any CPU
		{841FE8D7-8CCC-46E2-ACF6-66933ACCB549}.Release|Any CPU.ActiveCfg = Release|Any CPU
		{841FE8D7-8CCC-46E2-ACF6-66933ACCB549}.Release|Any CPU.Build.0 = Release|Any CPU
	EndGlobalSection
	GlobalSection(SolutionProperties) = preSolution
		HideSolutionNode = FALSE
	EndGlobalSection
	GlobalSection(ExtensibilityGlobals) = postSolution
		SolutionGuid = {2614510A-777E-4E29-904A-11F6CD8BF11D}
	EndGlobalSection
EndGlobal
